
Microsoft Visual Studio Solution File, Format Version 12.00
# Visual Studio Version 17
VisualStudioVersion = 17.7.34009.444
MinimumVisualStudioVersion = 10.0.40219.1
Project("{FAE04EC0-301F-11D3-BF4B-00C04F79EFBC}") = "WEB_API", "WEB_API\WEB_API.csproj", "{5577FB64-397E-4861-BBAF-35B6753855D4}"
EndProject
Global
	GlobalSection(SolutionConfigurationPlatforms) = preSolution
		Debug|Any CPU = Debug|Any CPU
		Release|Any CPU = Release|Any CPU
	EndGlobalSection
	GlobalSection(ProjectConfigurationPlatforms) = postSolution
		{5577FB64-397E-4861-BBAF-35B6753855D4}.Debug|Any CPU.ActiveCfg = Debug|Any CPU
		{5577FB64-397E-4861-BBAF-35B6753855D4}.Debug|Any CPU.Build.0 = Debug|Any CPU
		{5577FB64-397E-4861-BBAF-35B6753855D4}.Release|Any CPU.ActiveCfg = Release|Any CPU
		{5577FB64-397E-4861-BBAF-35B6753855D4}.Release|Any CPU.Build.0 = Release|Any CPU
	EndGlobalSection
	GlobalSection(SolutionProperties) = preSolution
		HideSolutionNode = FALSE
	EndGlobalSection
	GlobalSection(ExtensibilityGlobals) = postSolution
		SolutionGuid = {8CAE6F41-6961-451F-82AA-8C984181A3D1}
	EndGlobalSection
EndGlobal
